
Microsoft Visual Studio Solution File, Format Version 12.00
# Visual Studio Version 17
VisualStudioVersion = 17.4.33213.308
MinimumVisualStudioVersion = 10.0.40219.1
Project("{FAE04EC0-301F-11D3-BF4B-00C04F79EFBC}") = "Final_deneme", "Final_deneme\Final_deneme.csproj", "{215ACFD4-CB8B-483D-80D9-0A8A44E6A948}"
EndProject
Global
	GlobalSection(SolutionConfigurationPlatforms) = preSolution
		Debug|Any CPU = Debug|Any CPU
		Release|Any CPU = Release|Any CPU
	EndGlobalSection
	GlobalSection(ProjectConfigurationPlatforms) = postSolution
		{215ACFD4-CB8B-483D-80D9-0A8A44E6A948}.Debug|Any CPU.ActiveCfg = Debug|Any CPU
		{215ACFD4-CB8B-483D-80D9-0A8A44E6A948}.Debug|Any CPU.Build.0 = Debug|Any CPU
		{215ACFD4-CB8B-483D-80D9-0A8A44E6A948}.Release|Any CPU.ActiveCfg = Release|Any CPU
		{215ACFD4-CB8B-483D-80D9-0A8A44E6A948}.Release|Any CPU.Build.0 = Release|Any CPU
	EndGlobalSection
	GlobalSection(SolutionProperties) = preSolution
		HideSolutionNode = FALSE
	EndGlobalSection
	GlobalSection(ExtensibilityGlobals) = postSolution
		SolutionGuid = {D7F154F1-6A57-4354-BAAB-EFC17086FE23}
	EndGlobalSection
EndGlobal
